{
  "version": 4,
  "terraform_version": "1.11.2",
  "serial": 8,
  "lineage": "dac9599e-84b8-bdbb-b2d8-908f1b6dc42a",
  "outputs": {},
  "resources": [
    {
      "mode": "managed",
      "type": "google_compute_network",
      "name": "gke_network",
      "provider": "provider[\"registry.terraform.io/hashicorp/google\"]",
      "instances": [
        {
          "schema_version": 0,
          "attributes": {
            "auto_create_subnetworks": false,
            "bgp_always_compare_med": false,
            "bgp_best_path_selection_mode": "LEGACY",
            "bgp_inter_region_cost": "",
            "delete_default_routes_on_create": false,
            "description": "",
            "enable_ula_internal_ipv6": false,
            "gateway_ipv4": "",
            "id": "projects/vibradev-dev/global/networks/gke-network",
            "internal_ipv6_range": "",
            "mtu": 0,
            "name": "gke-network",
            "network_firewall_policy_enforcement_order": "AFTER_CLASSIC_FIREWALL",
            "network_id": "2654280158424662074",
            "network_profile": "",
            "numeric_id": "2654280158424662074",
            "project": "vibradev-dev",
            "routing_mode": "REGIONAL",
            "self_link": "https://www.googleapis.com/compute/v1/projects/vibradev-dev/global/networks/gke-network",
            "timeouts": null
          },
          "sensitive_attributes": [],
          "private": "eyJlMmJmYjczMC1lY2FhLTExZTYtOGY4OC0zNDM2M2JjN2M0YzAiOnsiY3JlYXRlIjoxMjAwMDAwMDAwMDAwLCJkZWxldGUiOjEyMDAwMDAwMDAwMDAsInVwZGF0ZSI6MTIwMDAwMDAwMDAwMH19"
        }
      ]
    },
    {
      "mode": "managed",
      "type": "google_compute_subnetwork",
      "name": "gke_subnet",
      "provider": "provider[\"registry.terraform.io/hashicorp/google\"]",
      "instances": [
        {
          "schema_version": 0,
          "attributes": {
            "creation_timestamp": "2025-03-29T20:47:44.793-07:00",
            "description": "",
            "enable_flow_logs": false,
            "external_ipv6_prefix": "",
            "fingerprint": null,
            "gateway_address": "10.0.0.1",
            "id": "projects/vibradev-dev/regions/us-central1/subnetworks/gke-subnet",
            "internal_ipv6_prefix": "",
            "ip_cidr_range": "10.0.0.0/16",
            "ip_collection": null,
            "ipv6_access_type": "",
            "ipv6_cidr_range": "",
            "ipv6_gce_endpoint": "",
            "log_config": [],
            "name": "gke-subnet",
            "network": "https://www.googleapis.com/compute/v1/projects/vibradev-dev/global/networks/gke-network",
            "private_ip_google_access": true,
            "private_ipv6_google_access": "DISABLE_GOOGLE_ACCESS",
            "project": "vibradev-dev",
            "purpose": "PRIVATE",
            "region": "us-central1",
            "reserved_internal_range": "",
            "role": "",
            "secondary_ip_range": [
              {
                "ip_cidr_range": "10.216.0.0/14",
                "range_name": "gke-dev-gke-cluster-pods-a1e3c286",
                "reserved_internal_range": ""
              }
            ],
            "self_link": "https://www.googleapis.com/compute/v1/projects/vibradev-dev/regions/us-central1/subnetworks/gke-subnet",
            "send_secondary_ip_range_if_empty": null,
            "stack_type": "IPV4_ONLY",
            "state": "",
            "subnetwork_id": 7241452127024119823,
            "timeouts": null
          },
          "sensitive_attributes": [],
          "private": "eyJlMmJmYjczMC1lY2FhLTExZTYtOGY4OC0zNDM2M2JjN2M0YzAiOnsiY3JlYXRlIjoxMjAwMDAwMDAwMDAwLCJkZWxldGUiOjEyMDAwMDAwMDAwMDAsInVwZGF0ZSI6MTIwMDAwMDAwMDAwMH19",
          "dependencies": [
            "google_compute_network.gke_network"
          ]
        }
      ]
    },
    {
      "mode": "managed",
      "type": "google_container_cluster",
      "name": "primary",
      "provider": "provider[\"registry.terraform.io/hashicorp/google\"]",
      "instances": [
        {
          "status": "tainted",
          "schema_version": 2,
          "attributes": {
            "addons_config": [
              {
                "cloudrun_config": [],
                "config_connector_config": [],
                "dns_cache_config": [],
                "gce_persistent_disk_csi_driver_config": [
                  {
                    "enabled": true
                  }
                ],
                "gcp_filestore_csi_driver_config": [],
                "gcs_fuse_csi_driver_config": [],
                "gke_backup_agent_config": [],
                "horizontal_pod_autoscaling": [],
                "http_load_balancing": [],
                "network_policy_config": [
                  {
                    "disabled": false
                  }
                ],
                "parallelstore_csi_driver_config": [],
                "ray_operator_config": [],
                "stateful_ha_config": []
              }
            ],
            "allow_net_admin": null,
            "authenticator_groups_config": [],
            "binary_authorization": [
              {
                "enabled": false,
                "evaluation_mode": ""
              }
            ],
            "cluster_autoscaling": [
              {
                "auto_provisioning_defaults": [],
                "auto_provisioning_locations": [],
                "autoscaling_profile": "BALANCED",
                "enabled": false,
                "resource_limits": []
              }
            ],
            "cluster_ipv4_cidr": "10.216.0.0/14",
            "confidential_nodes": [],
            "control_plane_endpoints_config": [
              {
                "dns_endpoint_config": [
                  {
                    "allow_external_traffic": false,
                    "endpoint": "gke-a1e3c286dda141e38982540c50f82fd173de-505049001511.us-central1-a.gke.goog"
                  }
                ],
                "ip_endpoints_config": [
                  {
                    "enabled": true
                  }
                ]
              }
            ],
            "cost_management_config": [],
            "database_encryption": [
              {
                "key_name": "",
                "state": "DECRYPTED"
              }
            ],
            "datapath_provider": "",
            "default_max_pods_per_node": 110,
            "default_snat_status": [
              {
                "disabled": false
              }
            ],
            "deletion_protection": true,
            "description": "",
            "dns_config": [],
            "effective_labels": {
              "goog-terraform-provisioned": "true"
            },
            "enable_autopilot": false,
            "enable_cilium_clusterwide_network_policy": false,
            "enable_fqdn_network_policy": false,
            "enable_intranode_visibility": false,
            "enable_k8s_beta_apis": [],
            "enable_kubernetes_alpha": false,
            "enable_l4_ilb_subsetting": false,
            "enable_legacy_abac": false,
            "enable_multi_networking": false,
            "enable_shielded_nodes": true,
            "enable_tpu": false,
            "endpoint": "34.44.71.9",
            "enterprise_config": [
              {
                "cluster_tier": "STANDARD",
                "desired_tier": ""
              }
            ],
            "fleet": [],
            "gateway_api_config": [],
            "id": "projects/vibradev-dev/locations/us-central1-a/clusters/dev-gke-cluster",
            "identity_service_config": [],
            "initial_node_count": 1,
            "ip_allocation_policy": [
              {
                "additional_pod_ranges_config": [],
                "cluster_ipv4_cidr_block": "10.216.0.0/14",
                "cluster_secondary_range_name": "gke-dev-gke-cluster-pods-a1e3c286",
                "pod_cidr_overprovision_config": [
                  {
                    "disabled": false
                  }
                ],
                "services_ipv4_cidr_block": "34.118.224.0/20",
                "services_secondary_range_name": "",
                "stack_type": "IPV4"
              }
            ],
            "label_fingerprint": "78cdf2f6",
            "location": "us-central1-a",
            "logging_config": [
              {
                "enable_components": [
                  "SYSTEM_COMPONENTS",
                  "WORKLOADS"
                ]
              }
            ],
            "logging_service": "logging.googleapis.com/kubernetes",
            "maintenance_policy": [],
            "master_auth": [
              {
                "client_certificate": "",
                "client_certificate_config": [
                  {
                    "issue_client_certificate": false
                  }
                ],
                "client_key": "",
                "cluster_ca_certificate": "LS0tLS1CRUdJTiBDRVJUSUZJQ0FURS0tLS0tCk1JSUVMVENDQXBXZ0F3SUJBZ0lSQUwrK3hwelk0a3RocFd3eU5DYVZkZEl3RFFZSktvWklodmNOQVFFTEJRQXcKTHpFdE1Dc0dBMVVFQXhNa09UWTBaVGc1TlRZdE5ERTNOUzAwTjJVekxXSXpaVGt0WldFNU5UWTVNemsyT0RrMwpNQ0FYRFRJMU1ETXpNREF5TlRFd05Gb1lEekl3TlRVd016SXpNRE0xTVRBMFdqQXZNUzB3S3dZRFZRUURFeVE1Ck5qUmxPRGsxTmkwME1UYzFMVFEzWlRNdFlqTmxPUzFsWVRrMU5qa3pPVFk0T1Rjd2dnR2lNQTBHQ1NxR1NJYjMKRFFFQkFRVUFBNElCandBd2dnR0tBb0lCZ1FDa1ZrZzF5dDc3bXNqK0FPakF1T2YwOWIzOElPV1V1RVAzV3JySgp3TERnVzNRL204a2VRN3M4OHBRUFV2dnU1Q0VqaERNU0F3SlRFaGJyYllwQ2FJOVIzelZuRVVPSzVJb3l5SFdrCitaeGUrMkxTOHZNb3R2MjI1OGh5RWd0QjU3L3NDMitiY3ovR1VlbDU5bTducjZhb3lZSE14Unppcm1abmQwemsKYlZVWHVNWDg1a0VoS0RCeVNOQ0cyNEJoZzQvSzh1U1RRZ1pkdEZMeHRZMUQwQlE5RU1tZDgxeGttVWVUNjBDRwo3NXp3NGVWY2NWRzRVeGkwYzZGUUwxV0JBamJ3YnNDSjdkRU1OcHlGQVdQUmdKcFFTWXV5am5BQUY1eS8yQWczCjlnZ3FKNCtVcElpQnJmK3I5UWlybXo2RnhyWFhTSVU1a1ZZRktlTm9LY2xzOVRaVURVYk0wSzdYeHp1Q2ZXMDgKeVR5cCtBbnc4UHdMRHNTdThrY1MvRUN6dlR6TVFhTmxKS3l6VVlNME40bGJTS2lZZk1vT2VMdHNJblhEUWd2Ywp0NHdVaDh2aUlpZ21HYmhKSVR5MWdPLzNKOFFzVDcxaExsNlZjaTlwdTVRNXJrR0FYMVZlKzEyUmZVOXRlM0U5CjlnQk95VCtyakVna205cnoxWUR4aFgyeE0rc0NBd0VBQWFOQ01FQXdEZ1lEVlIwUEFRSC9CQVFEQWdJRU1BOEcKQTFVZEV3RUIvd1FGTUFNQkFmOHdIUVlEVlIwT0JCWUVGRTFNZzRqdDd1bWlQVTR1OEt0QVYzUHdxK1ZlTUEwRwpDU3FHU0liM0RRRUJDd1VBQTRJQmdRQVR6MlFOWWxZemtKK1Z1SUZiYXJaL3JRUmpkMmt1UGgyNVNzODlIMTlRCmsyejkrWlUzeUVXcEs1ZzJaSTBIUm1qeStMM2JwU3lLRjRGNytWbGJWWnh6T2tpeUNXNWRqQ3VuZjlBUVVsdWcKbnlWSzRjUHFsbmV3dGNhSWFVbENoMEgybFp1cmdLQ1NTOHhxNVh3SFdBS1FzbWtOOEZRLzlRa3BLNXROaUp1TgowL05yUHhNNXFneUxXU0NXMWwxV2RPVmxKSmlUTTF6dlU5R1p1VGdoL3Y4MzRKWlBDL3pqK29qSzhyZThMRHNFCkV4MW1CUStJV0pGSzJ2ankxUXZndm9HLzUrU0Y0N0xuTWlRZUxGekpOKzB1eGlDZFpEZXQ2ZktHU0tZYmJ3T0EKdUN0U1lIUDBjVExUNm1HMThONVh2dDA5dm1RVVNDRmdTc2FmcW90TGVjZmJEb0JjTVNIWlJSdGR4ZXFIZDY0eQpHbVJtL1ZmUkR6c3RXb09ZM0tOdVg4VWF6QnV5ci9SSW9lWEJOY1JWWFdLcFZ0a1pOdm1KQWdnUTlzdmtIc0ptCkZDcXNRVytGcTU2ZGRqQWlaL1hPbXVJZHl3RCtVbE1lTzlyN2NUc1pGeFVwemNVMWhVMlVIUXorTkVMVzJVdFAKQmRISmxrUjh6ZGlYRzNaa09RanF2L2s9Ci0tLS0tRU5EIENFUlRJRklDQVRFLS0tLS0K"
              }
            ],
            "master_authorized_networks_config": [],
            "master_version": "1.31.6-gke.1020000",
            "mesh_certificates": [],
            "min_master_version": null,
            "monitoring_config": [
              {
                "advanced_datapath_observability_config": [
                  {
                    "enable_metrics": false,
                    "enable_relay": false
                  }
                ],
                "enable_components": [
                  "SYSTEM_COMPONENTS",
                  "DAEMONSET",
                  "DEPLOYMENT",
                  "STATEFULSET",
                  "STORAGE",
                  "HPA",
                  "POD",
                  "CADVISOR",
                  "KUBELET"
                ],
                "managed_prometheus": [
                  {
                    "enabled": true
                  }
                ]
              }
            ],
            "monitoring_service": "monitoring.googleapis.com/kubernetes",
            "name": "dev-gke-cluster",
            "network": "projects/vibradev-dev/global/networks/gke-network",
            "network_policy": [
              {
                "enabled": true,
                "provider": "CALICO"
              }
            ],
            "networking_mode": "VPC_NATIVE",
            "node_config": [],
            "node_locations": [],
            "node_pool": [],
            "node_pool_auto_config": [],
            "node_pool_defaults": [
              {
                "node_config_defaults": [
                  {
                    "containerd_config": [],
                    "gcfs_config": [],
                    "insecure_kubelet_readonly_port_enabled": "FALSE",
                    "logging_variant": "DEFAULT"
                  }
                ]
              }
            ],
            "node_version": "1.31.6-gke.1020000",
            "notification_config": [
              {
                "pubsub": [
                  {
                    "enabled": false,
                    "filter": [],
                    "topic": ""
                  }
                ]
              }
            ],
            "operation": null,
            "private_cluster_config": [
              {
                "enable_private_endpoint": false,
                "enable_private_nodes": false,
                "master_global_access_config": [
                  {
                    "enabled": false
                  }
                ],
                "master_ipv4_cidr_block": "",
                "peering_name": "",
                "private_endpoint": "10.0.0.2",
                "private_endpoint_subnetwork": "",
                "public_endpoint": "34.44.71.9"
              }
            ],
            "private_ipv6_google_access": "",
            "project": "vibradev-dev",
            "release_channel": [
              {
                "channel": "REGULAR"
              }
            ],
            "remove_default_node_pool": true,
            "resource_labels": {},
            "resource_usage_export_config": [],
            "secret_manager_config": [
              {
                "enabled": false
              }
            ],
            "security_posture_config": [
              {
                "mode": "BASIC",
                "vulnerability_mode": "VULNERABILITY_MODE_UNSPECIFIED"
              }
            ],
            "self_link": "https://container.googleapis.com/v1/projects/vibradev-dev/zones/us-central1-a/clusters/dev-gke-cluster",
            "service_external_ips_config": [
              {
                "enabled": false
              }
            ],
            "services_ipv4_cidr": "34.118.224.0/20",
            "subnetwork": "projects/vibradev-dev/regions/us-central1/subnetworks/gke-subnet",
            "terraform_labels": {
              "goog-terraform-provisioned": "true"
            },
            "timeouts": null,
            "tpu_ipv4_cidr_block": "",
            "user_managed_keys_config": [],
            "vertical_pod_autoscaling": [],
            "workload_identity_config": []
          },
          "sensitive_attributes": [
            [
              {
                "type": "get_attr",
                "value": "master_auth"
              },
              {
                "type": "index",
                "value": {
                  "value": 0,
                  "type": "number"
                }
              },
              {
                "type": "get_attr",
                "value": "client_key"
              }
            ]
          ],
          "private": "eyJlMmJmYjczMC1lY2FhLTExZTYtOGY4OC0zNDM2M2JjN2M0YzAiOnsiY3JlYXRlIjoyNDAwMDAwMDAwMDAwLCJkZWxldGUiOjI0MDAwMDAwMDAwMDAsInJlYWQiOjI0MDAwMDAwMDAwMDAsInVwZGF0ZSI6MzYwMDAwMDAwMDAwMH0sInNjaGVtYV92ZXJzaW9uIjoiMiJ9",
          "dependencies": [
            "google_compute_network.gke_network",
            "google_compute_subnetwork.gke_subnet"
          ]
        }
      ]
    }
  ],
  "check_results": null
}
